
Microsoft Visual Studio Solution File, Format Version 12.00
# Visual Studio Version 17
VisualStudioVersion = 17.1.32319.34
MinimumVisualStudioVersion = 10.0.40219.1
Project("{9A19103F-16F7-4668-BE54-9A1E7A4F7556}") = "SkiNet.API", "SkiNet.API\SkiNet.API.csproj", "{978174EB-2E19-4C23-93C3-083A59947E44}"
EndProject
Project("{9A19103F-16F7-4668-BE54-9A1E7A4F7556}") = "DataAccess", "DataAccess\DataAccess.csproj", "{986140D0-AB64-45DD-8332-E1613382ADDB}"
EndProject
Project("{9A19103F-16F7-4668-BE54-9A1E7A4F7556}") = "Core", "Core\Core.csproj", "{61B212B1-F444-49BB-BB61-447E9331CAB1}"
EndProject
Project("{9A19103F-16F7-4668-BE54-9A1E7A4F7556}") = "Models", "Models\Models.csproj", "{A3923E4D-60E3-4A2A-A2AE-677E71844D9E}"
EndProject
Project("{2150E333-8FDC-42A3-9474-1A3956D46DE8}") = "Solution Items", "Solution Items", "{D465474C-2ABB-4183-A53C-80DEF473C1DF}"
	ProjectSection(SolutionItems) = preProject
		docker-compose.yml = docker-compose.yml
	EndProjectSection
EndProject
Global
	GlobalSection(SolutionConfigurationPlatforms) = preSolution
		Debug|Any CPU = Debug|Any CPU
		Release|Any CPU = Release|Any CPU
	EndGlobalSection
	GlobalSection(ProjectConfigurationPlatforms) = postSolution
		{978174EB-2E19-4C23-93C3-083A59947E44}.Debug|Any CPU.ActiveCfg = Debug|Any CPU
		{978174EB-2E19-4C23-93C3-083A59947E44}.Debug|Any CPU.Build.0 = Debug|Any CPU
		{978174EB-2E19-4C23-93C3-083A59947E44}.Release|Any CPU.ActiveCfg = Release|Any CPU
		{978174EB-2E19-4C23-93C3-083A59947E44}.Release|Any CPU.Build.0 = Release|Any CPU
		{986140D0-AB64-45DD-8332-E1613382ADDB}.Debug|Any CPU.ActiveCfg = Debug|Any CPU
		{986140D0-AB64-45DD-8332-E1613382ADDB}.Debug|Any CPU.Build.0 = Debug|Any CPU
		{986140D0-AB64-45DD-8332-E1613382ADDB}.Release|Any CPU.ActiveCfg = Release|Any CPU
		{986140D0-AB64-45DD-8332-E1613382ADDB}.Release|Any CPU.Build.0 = Release|Any CPU
		{61B212B1-F444-49BB-BB61-447E9331CAB1}.Debug|Any CPU.ActiveCfg = Debug|Any CPU
		{61B212B1-F444-49BB-BB61-447E9331CAB1}.Debug|Any CPU.Build.0 = Debug|Any CPU
		{61B212B1-F444-49BB-BB61-447E9331CAB1}.Release|Any CPU.ActiveCfg = Release|Any CPU
		{61B212B1-F444-49BB-BB61-447E9331CAB1}.Release|Any CPU.Build.0 = Release|Any CPU
		{A3923E4D-60E3-4A2A-A2AE-677E71844D9E}.Debug|Any CPU.ActiveCfg = Debug|Any CPU
		{A3923E4D-60E3-4A2A-A2AE-677E71844D9E}.Debug|Any CPU.Build.0 = Debug|Any CPU
		{A3923E4D-60E3-4A2A-A2AE-677E71844D9E}.Release|Any CPU.ActiveCfg = Release|Any CPU
		{A3923E4D-60E3-4A2A-A2AE-677E71844D9E}.Release|Any CPU.Build.0 = Release|Any CPU
	EndGlobalSection
	GlobalSection(SolutionProperties) = preSolution
		HideSolutionNode = FALSE
	EndGlobalSection
	GlobalSection(ExtensibilityGlobals) = postSolution
		SolutionGuid = {E09A8254-F5BE-4260-B76D-76125E38FC65}
	EndGlobalSection
EndGlobal
